
Microsoft Visual Studio Solution File, Format Version 12.00
# Visual Studio Version 17
VisualStudioVersion = 17.2.32616.157
MinimumVisualStudioVersion = 10.0.40219.1
Project("{FAE04EC0-301F-11D3-BF4B-00C04F79EFBC}") = "GOST28656", "GOST28656\GOST28656.csproj", "{5744295C-42ED-4372-A228-F93E311292AB}"
EndProject
Global
	GlobalSection(SolutionConfigurationPlatforms) = preSolution
		Debug|Any CPU = Debug|Any CPU
		Release|Any CPU = Release|Any CPU
	EndGlobalSection
	GlobalSection(ProjectConfigurationPlatforms) = postSolution
		{5744295C-42ED-4372-A228-F93E311292AB}.Debug|Any CPU.ActiveCfg = Debug|Any CPU
		{5744295C-42ED-4372-A228-F93E311292AB}.Debug|Any CPU.Build.0 = Debug|Any CPU
		{5744295C-42ED-4372-A228-F93E311292AB}.Release|Any CPU.ActiveCfg = Release|Any CPU
		{5744295C-42ED-4372-A228-F93E311292AB}.Release|Any CPU.Build.0 = Release|Any CPU
	EndGlobalSection
	GlobalSection(SolutionProperties) = preSolution
		HideSolutionNode = FALSE
	EndGlobalSection
	GlobalSection(ExtensibilityGlobals) = postSolution
		SolutionGuid = {F7F0AA2F-F497-43BB-968E-EB13E26E33FE}
	EndGlobalSection
EndGlobal
