
Microsoft Visual Studio Solution File, Format Version 12.00
# Visual Studio Version 17
VisualStudioVersion = 17.2.32616.157
MinimumVisualStudioVersion = 10.0.40219.1
Project("{FAE04EC0-301F-11D3-BF4B-00C04F79EFBC}") = "DMSApp", "DMSApp\DMSApp.csproj", "{0CACC58E-7859-4F94-82A1-60C8B71E9510}"
EndProject
Project("{FAE04EC0-301F-11D3-BF4B-00C04F79EFBC}") = "DMS", "DMS\DMS.csproj", "{7E83DC75-D081-4571-852A-BAC48C604A4F}"
EndProject
Global
	GlobalSection(SolutionConfigurationPlatforms) = preSolution
		Debug|Any CPU = Debug|Any CPU
		Release|Any CPU = Release|Any CPU
	EndGlobalSection
	GlobalSection(ProjectConfigurationPlatforms) = postSolution
		{0CACC58E-7859-4F94-82A1-60C8B71E9510}.Debug|Any CPU.ActiveCfg = Debug|Any CPU
		{0CACC58E-7859-4F94-82A1-60C8B71E9510}.Debug|Any CPU.Build.0 = Debug|Any CPU
		{0CACC58E-7859-4F94-82A1-60C8B71E9510}.Release|Any CPU.ActiveCfg = Release|Any CPU
		{0CACC58E-7859-4F94-82A1-60C8B71E9510}.Release|Any CPU.Build.0 = Release|Any CPU
		{7E83DC75-D081-4571-852A-BAC48C604A4F}.Debug|Any CPU.ActiveCfg = Debug|Any CPU
		{7E83DC75-D081-4571-852A-BAC48C604A4F}.Debug|Any CPU.Build.0 = Debug|Any CPU
		{7E83DC75-D081-4571-852A-BAC48C604A4F}.Release|Any CPU.ActiveCfg = Release|Any CPU
		{7E83DC75-D081-4571-852A-BAC48C604A4F}.Release|Any CPU.Build.0 = Release|Any CPU
	EndGlobalSection
	GlobalSection(SolutionProperties) = preSolution
		HideSolutionNode = FALSE
	EndGlobalSection
	GlobalSection(ExtensibilityGlobals) = postSolution
		SolutionGuid = {A7EABBA1-9221-4FBE-AFDE-DCFFA9AD8779}
	EndGlobalSection
EndGlobal
